{
  "name": "boilermakeviii",
  "version": "1.0.0",
  "lockfileVersion": 1,
  "requires": true,
  "dependencies": {
    "earcut": {
      "version": "2.2.2",
      "resolved": "https://registry.npmjs.org/earcut/-/earcut-2.2.2.tgz",
      "integrity": "sha512-eZoZPPJcUHnfRZ0PjLvx2qBordSiO8ofC3vt+qACLM95u+4DovnbYNpQtJh0DNsWj8RnxrQytD4WA8gj5cRIaQ=="
    },
    "howler": {
      "version": "2.2.1",
      "resolved": "https://registry.npmjs.org/howler/-/howler-2.2.1.tgz",
      "integrity": "sha512-0iIXvuBO/81CcrQ/HSSweYmbT50fT2mIc9XMFb+kxIfk2pW/iKzDbX1n3fZmDXMEIpYvyyfrB+gXwPYSDqUxIQ=="
    },
    "jay-extend": {
      "version": "1.0.1",
      "resolved": "https://registry.npmjs.org/jay-extend/-/jay-extend-1.0.1.tgz",
      "integrity": "sha1-qcAYbpzlFDSJ+5mMWZ6rwRkW0ZA="
    },
    "melonjs": {
      "version": "8.0.1",
      "resolved": "https://registry.npmjs.org/melonjs/-/melonjs-8.0.1.tgz",
      "integrity": "sha512-OGgHS3RwS/pZX57W2LTNxNFaCmZwT+Rgi3CH4afUm0pqRW2WmBi7XKSrjmZd0dFDtVvSEv5WYvBrGOLX3SZtSg==",
      "requires": {
        "earcut": "2.2.2",
        "howler": "^2.2.0",
        "jay-extend": "1.0.1",
        "minpubsub": "0.0.2"
      }
    },
    "minpubsub": {
      "version": "0.0.2",
      "resolved": "https://registry.npmjs.org/minpubsub/-/minpubsub-0.0.2.tgz",
      "integrity": "sha1-kkkQNEfuIDp1PFpJejAquS73q+s="
    }
  }
}
